<?xml version="1.0" encoding="utf-8"?>
<Project ToolsVersion="4.0" xmlns="http://schemas.microsoft.com/developer/msbuild/2003">
  <ItemGroup>
    <ClCompile Include="main.cpp" />
    <ClCompile Include="libs\imgui\imgui.cpp">
      <Filter>Libraries\imgui</Filter>
    </ClCompile>
    <ClCompile Include="libs\imgui\imgui_demo.cpp">
      <Filter>Libraries\imgui</Filter>
    </ClCompile>
    <ClCompile Include="libs\imgui\imgui_draw.cpp">
      <Filter>Libraries\imgui</Filter>
    </ClCompile>
    <ClCompile Include="libs\imgui\imgui_tables.cpp">
      <Filter>Libraries\imgui</Filter>
    </ClCompile>
    <ClCompile Include="libs\imgui\imgui_widgets.cpp">
      <Filter>Libraries\imgui</Filter>
    </ClCompile>
    <ClCompile Include="libs\imgui\backends\imgui_impl_dx12.cpp">
      <Filter>Libraries\imgui</Filter>
    </ClCompile>
    <ClCompile Include="libs\imgui\backends\imgui_impl_win32.cpp">
      <Filter>Libraries\imgui</Filter>
    </ClCompile>
    <ClCompile Include="libs\lodepng\lodepng.cpp">
      <Filter>Libraries\lodepng</Filter>
    </ClCompile>
    <ClCompile Include="libs\tinyxml\tinyxml2.cpp">
      <Filter>Libraries\tinyxml</Filter>
    </ClCompile>
    <ClCompile Include="src\utilities.cpp">
      <Filter>Source Files</Filter>
    </ClCompile>
    <ClCompile Include="src\imageClass.cpp">
      <Filter>Source Files</Filter>
    </ClCompile>
  </ItemGroup>
  <ItemGroup>
    <Filter Include="Source Files">
      <UniqueIdentifier>{c5f26a82-1681-4990-b2c1-d1eee9ba9882}</UniqueIdentifier>
    </Filter>
    <Filter Include="Header Files">
      <UniqueIdentifier>{da4f771a-a656-4c01-abe9-43a77479c175}</UniqueIdentifier>
    </Filter>
    <Filter Include="Libraries">
      <UniqueIdentifier>{b467199d-4e48-4736-a640-74fea422b2fb}</UniqueIdentifier>
    </Filter>
    <Filter Include="Libraries\lodepng">
      <UniqueIdentifier>{c18658a3-9755-4921-ad71-5922c526c5c0}</UniqueIdentifier>
    </Filter>
    <Filter Include="Libraries\imgui">
      <UniqueIdentifier>{53ca4392-5e6d-4ca1-af06-5c9e7f3f5ec6}</UniqueIdentifier>
    </Filter>
    <Filter Include="Libraries\tinyxml">
      <UniqueIdentifier>{8f6c943f-b509-4632-a725-afd0dd5a7e80}</UniqueIdentifier>
    </Filter>
    <Filter Include="Resource Files">
      <UniqueIdentifier>{f9d647fc-34cb-4bc2-b633-9b6088f4cfd9}</UniqueIdentifier>
    </Filter>
  </ItemGroup>
  <ItemGroup>
    <ClInclude Include="libs\imgui\imconfig.h">
      <Filter>Libraries\imgui</Filter>
    </ClInclude>
    <ClInclude Include="libs\imgui\imgui.h">
      <Filter>Libraries\imgui</Filter>
    </ClInclude>
    <ClInclude Include="libs\imgui\imgui_internal.h">
      <Filter>Libraries\imgui</Filter>
    </ClInclude>
    <ClInclude Include="libs\imgui\backends\imgui_impl_dx12.h">
      <Filter>Libraries\imgui</Filter>
    </ClInclude>
    <ClInclude Include="libs\imgui\backends\imgui_impl_win32.h">
      <Filter>Libraries\imgui</Filter>
    </ClInclude>
    <ClInclude Include="libs\lodepng\lodepng.h">
      <Filter>Libraries\lodepng</Filter>
    </ClInclude>
    <ClInclude Include="libs\tinyxml\tinyxml2.h">
      <Filter>Libraries\tinyxml</Filter>
    </ClInclude>
    <ClInclude Include="src\imageClass.h">
      <Filter>Header Files</Filter>
    </ClInclude>
    <ClInclude Include="src\utilities.h">
      <Filter>Header Files</Filter>
    </ClInclude>
    <ClInclude Include="resource.h">
      <Filter>Resource Files</Filter>
    </ClInclude>
  </ItemGroup>
  <ItemGroup>
    <ResourceCompile Include="Resource.rc">
      <Filter>Resource Files</Filter>
    </ResourceCompile>
  </ItemGroup>
  <ItemGroup>
    <Image Include="files\images\executable_icon.ico">
      <Filter>Resource Files</Filter>
    </Image>
  </ItemGroup>
  <ItemGroup>
    <Xml Include="files\config.xml">
      <Filter>Resource Files</Filter>
    </Xml>
  </ItemGroup>
</Project>